
Microsoft Visual Studio Solution File, Format Version 12.00
# Visual Studio Version 17
VisualStudioVersion = 17.0.31903.59
MinimumVisualStudioVersion = 10.0.40219.1
Project("{2150E333-8FDC-42A3-9474-1A3956D46DE8}") = "src", "src", "{827E0CD3-B72D-47B6-A68D-7590B98EB39B}"
EndProject
Project("{FAE04EC0-301F-11D3-BF4B-00C04F79EFBC}") = "TechFeed.API", "src\TechFeed.API\TechFeed.API.csproj", "{118F7299-13BB-49B5-AA1A-66EFD3AC609E}"
EndProject
Project("{FAE04EC0-301F-11D3-BF4B-00C04F79EFBC}") = "TechFeed.Core", "src\TechFeed.Core\TechFeed.Core.csproj", "{2BEF9226-1C01-4E78-B694-AC09C27EE73D}"
EndProject
Project("{FAE04EC0-301F-11D3-BF4B-00C04F79EFBC}") = "TechFeed.Infrastructure", "src\TechFeed.Infrastructure\TechFeed.Infrastructure.csproj", "{27A63FA1-1EFC-4E64-8894-9E92A2DE6729}"
EndProject
Project("{FAE04EC0-301F-11D3-BF4B-00C04F79EFBC}") = "TechFeed.Shared", "src\TechFeed.Shared\TechFeed.Shared.csproj", "{81905DE1-DE06-4BC3-85F4-B7AD1FD12932}"
EndProject
Project("{FAE04EC0-301F-11D3-BF4B-00C04F79EFBC}") = "TechFeed.Client", "src\TechFeed.Client\TechFeed.Client.csproj", "{FA20ACE0-8311-4706-A38D-FD7CA8A8ED89}"
EndProject
Project("{2150E333-8FDC-42A3-9474-1A3956D46DE8}") = "tests", "tests", "{0AB3BF05-4346-4AA6-1389-037BE0695223}"
EndProject
Project("{FAE04EC0-301F-11D3-BF4B-00C04F79EFBC}") = "TechFeed.Tests", "tests\TechFeed.Tests\TechFeed.Tests.csproj", "{F28D34D5-9F0E-43AA-9E43-D41386944D97}"
EndProject
Global
	GlobalSection(SolutionConfigurationPlatforms) = preSolution
		Debug|Any CPU = Debug|Any CPU
		Debug|x64 = Debug|x64
		Debug|x86 = Debug|x86
		Release|Any CPU = Release|Any CPU
		Release|x64 = Release|x64
		Release|x86 = Release|x86
	EndGlobalSection
	GlobalSection(ProjectConfigurationPlatforms) = postSolution
		{118F7299-13BB-49B5-AA1A-66EFD3AC609E}.Debug|Any CPU.ActiveCfg = Debug|Any CPU
		{118F7299-13BB-49B5-AA1A-66EFD3AC609E}.Debug|Any CPU.Build.0 = Debug|Any CPU
		{118F7299-13BB-49B5-AA1A-66EFD3AC609E}.Debug|x64.ActiveCfg = Debug|Any CPU
		{118F7299-13BB-49B5-AA1A-66EFD3AC609E}.Debug|x64.Build.0 = Debug|Any CPU
		{118F7299-13BB-49B5-AA1A-66EFD3AC609E}.Debug|x86.ActiveCfg = Debug|Any CPU
		{118F7299-13BB-49B5-AA1A-66EFD3AC609E}.Debug|x86.Build.0 = Debug|Any CPU
		{118F7299-13BB-49B5-AA1A-66EFD3AC609E}.Release|Any CPU.ActiveCfg = Release|Any CPU
		{118F7299-13BB-49B5-AA1A-66EFD3AC609E}.Release|Any CPU.Build.0 = Release|Any CPU
		{118F7299-13BB-49B5-AA1A-66EFD3AC609E}.Release|x64.ActiveCfg = Release|Any CPU
		{118F7299-13BB-49B5-AA1A-66EFD3AC609E}.Release|x64.Build.0 = Release|Any CPU
		{118F7299-13BB-49B5-AA1A-66EFD3AC609E}.Release|x86.ActiveCfg = Release|Any CPU
		{118F7299-13BB-49B5-AA1A-66EFD3AC609E}.Release|x86.Build.0 = Release|Any CPU
		{2BEF9226-1C01-4E78-B694-AC09C27EE73D}.Debug|Any CPU.ActiveCfg = Debug|Any CPU
		{2BEF9226-1C01-4E78-B694-AC09C27EE73D}.Debug|Any CPU.Build.0 = Debug|Any CPU
		{2BEF9226-1C01-4E78-B694-AC09C27EE73D}.Debug|x64.ActiveCfg = Debug|Any CPU
		{2BEF9226-1C01-4E78-B694-AC09C27EE73D}.Debug|x64.Build.0 = Debug|Any CPU
		{2BEF9226-1C01-4E78-B694-AC09C27EE73D}.Debug|x86.ActiveCfg = Debug|Any CPU
		{2BEF9226-1C01-4E78-B694-AC09C27EE73D}.Debug|x86.Build.0 = Debug|Any CPU
		{2BEF9226-1C01-4E78-B694-AC09C27EE73D}.Release|Any CPU.ActiveCfg = Release|Any CPU
		{2BEF9226-1C01-4E78-B694-AC09C27EE73D}.Release|Any CPU.Build.0 = Release|Any CPU
		{2BEF9226-1C01-4E78-B694-AC09C27EE73D}.Release|x64.ActiveCfg = Release|Any CPU
		{2BEF9226-1C01-4E78-B694-AC09C27EE73D}.Release|x64.Build.0 = Release|Any CPU
		{2BEF9226-1C01-4E78-B694-AC09C27EE73D}.Release|x86.ActiveCfg = Release|Any CPU
		{2BEF9226-1C01-4E78-B694-AC09C27EE73D}.Release|x86.Build.0 = Release|Any CPU
		{27A63FA1-1EFC-4E64-8894-9E92A2DE6729}.Debug|Any CPU.ActiveCfg = Debug|Any CPU
		{27A63FA1-1EFC-4E64-8894-9E92A2DE6729}.Debug|Any CPU.Build.0 = Debug|Any CPU
		{27A63FA1-1EFC-4E64-8894-9E92A2DE6729}.Debug|x64.ActiveCfg = Debug|Any CPU
		{27A63FA1-1EFC-4E64-8894-9E92A2DE6729}.Debug|x64.Build.0 = Debug|Any CPU
		{27A63FA1-1EFC-4E64-8894-9E92A2DE6729}.Debug|x86.ActiveCfg = Debug|Any CPU
		{27A63FA1-1EFC-4E64-8894-9E92A2DE6729}.Debug|x86.Build.0 = Debug|Any CPU
		{27A63FA1-1EFC-4E64-8894-9E92A2DE6729}.Release|Any CPU.ActiveCfg = Release|Any CPU
		{27A63FA1-1EFC-4E64-8894-9E92A2DE6729}.Release|Any CPU.Build.0 = Release|Any CPU
		{27A63FA1-1EFC-4E64-8894-9E92A2DE6729}.Release|x64.ActiveCfg = Release|Any CPU
		{27A63FA1-1EFC-4E64-8894-9E92A2DE6729}.Release|x64.Build.0 = Release|Any CPU
		{27A63FA1-1EFC-4E64-8894-9E92A2DE6729}.Release|x86.ActiveCfg = Release|Any CPU
		{27A63FA1-1EFC-4E64-8894-9E92A2DE6729}.Release|x86.Build.0 = Release|Any CPU
		{81905DE1-DE06-4BC3-85F4-B7AD1FD12932}.Debug|Any CPU.ActiveCfg = Debug|Any CPU
		{81905DE1-DE06-4BC3-85F4-B7AD1FD12932}.Debug|Any CPU.Build.0 = Debug|Any CPU
		{81905DE1-DE06-4BC3-85F4-B7AD1FD12932}.Debug|x64.ActiveCfg = Debug|Any CPU
		{81905DE1-DE06-4BC3-85F4-B7AD1FD12932}.Debug|x64.Build.0 = Debug|Any CPU
		{81905DE1-DE06-4BC3-85F4-B7AD1FD12932}.Debug|x86.ActiveCfg = Debug|Any CPU
		{81905DE1-DE06-4BC3-85F4-B7AD1FD12932}.Debug|x86.Build.0 = Debug|Any CPU
		{81905DE1-DE06-4BC3-85F4-B7AD1FD12932}.Release|Any CPU.ActiveCfg = Release|Any CPU
		{81905DE1-DE06-4BC3-85F4-B7AD1FD12932}.Release|Any CPU.Build.0 = Release|Any CPU
		{81905DE1-DE06-4BC3-85F4-B7AD1FD12932}.Release|x64.ActiveCfg = Release|Any CPU
		{81905DE1-DE06-4BC3-85F4-B7AD1FD12932}.Release|x64.Build.0 = Release|Any CPU
		{81905DE1-DE06-4BC3-85F4-B7AD1FD12932}.Release|x86.ActiveCfg = Release|Any CPU
		{81905DE1-DE06-4BC3-85F4-B7AD1FD12932}.Release|x86.Build.0 = Release|Any CPU
		{FA20ACE0-8311-4706-A38D-FD7CA8A8ED89}.Debug|Any CPU.ActiveCfg = Debug|Any CPU
		{FA20ACE0-8311-4706-A38D-FD7CA8A8ED89}.Debug|Any CPU.Build.0 = Debug|Any CPU
		{FA20ACE0-8311-4706-A38D-FD7CA8A8ED89}.Debug|x64.ActiveCfg = Debug|Any CPU
		{FA20ACE0-8311-4706-A38D-FD7CA8A8ED89}.Debug|x64.Build.0 = Debug|Any CPU
		{FA20ACE0-8311-4706-A38D-FD7CA8A8ED89}.Debug|x86.ActiveCfg = Debug|Any CPU
		{FA20ACE0-8311-4706-A38D-FD7CA8A8ED89}.Debug|x86.Build.0 = Debug|Any CPU
		{FA20ACE0-8311-4706-A38D-FD7CA8A8ED89}.Release|Any CPU.ActiveCfg = Release|Any CPU
		{FA20ACE0-8311-4706-A38D-FD7CA8A8ED89}.Release|Any CPU.Build.0 = Release|Any CPU
		{FA20ACE0-8311-4706-A38D-FD7CA8A8ED89}.Release|x64.ActiveCfg = Release|Any CPU
		{FA20ACE0-8311-4706-A38D-FD7CA8A8ED89}.Release|x64.Build.0 = Release|Any CPU
		{FA20ACE0-8311-4706-A38D-FD7CA8A8ED89}.Release|x86.ActiveCfg = Release|Any CPU
		{FA20ACE0-8311-4706-A38D-FD7CA8A8ED89}.Release|x86.Build.0 = Release|Any CPU
		{F28D34D5-9F0E-43AA-9E43-D41386944D97}.Debug|Any CPU.ActiveCfg = Debug|Any CPU
		{F28D34D5-9F0E-43AA-9E43-D41386944D97}.Debug|Any CPU.Build.0 = Debug|Any CPU
		{F28D34D5-9F0E-43AA-9E43-D41386944D97}.Debug|x64.ActiveCfg = Debug|Any CPU
		{F28D34D5-9F0E-43AA-9E43-D41386944D97}.Debug|x64.Build.0 = Debug|Any CPU
		{F28D34D5-9F0E-43AA-9E43-D41386944D97}.Debug|x86.ActiveCfg = Debug|Any CPU
		{F28D34D5-9F0E-43AA-9E43-D41386944D97}.Debug|x86.Build.0 = Debug|Any CPU
		{F28D34D5-9F0E-43AA-9E43-D41386944D97}.Release|Any CPU.ActiveCfg = Release|Any CPU
		{F28D34D5-9F0E-43AA-9E43-D41386944D97}.Release|Any CPU.Build.0 = Release|Any CPU
		{F28D34D5-9F0E-43AA-9E43-D41386944D97}.Release|x64.ActiveCfg = Release|Any CPU
		{F28D34D5-9F0E-43AA-9E43-D41386944D97}.Release|x64.Build.0 = Release|Any CPU
		{F28D34D5-9F0E-43AA-9E43-D41386944D97}.Release|x86.ActiveCfg = Release|Any CPU
		{F28D34D5-9F0E-43AA-9E43-D41386944D97}.Release|x86.Build.0 = Release|Any CPU
	EndGlobalSection
	GlobalSection(SolutionProperties) = preSolution
		HideSolutionNode = FALSE
	EndGlobalSection
	GlobalSection(NestedProjects) = preSolution
		{118F7299-13BB-49B5-AA1A-66EFD3AC609E} = {827E0CD3-B72D-47B6-A68D-7590B98EB39B}
		{2BEF9226-1C01-4E78-B694-AC09C27EE73D} = {827E0CD3-B72D-47B6-A68D-7590B98EB39B}
		{27A63FA1-1EFC-4E64-8894-9E92A2DE6729} = {827E0CD3-B72D-47B6-A68D-7590B98EB39B}
		{81905DE1-DE06-4BC3-85F4-B7AD1FD12932} = {827E0CD3-B72D-47B6-A68D-7590B98EB39B}
		{FA20ACE0-8311-4706-A38D-FD7CA8A8ED89} = {827E0CD3-B72D-47B6-A68D-7590B98EB39B}
		{F28D34D5-9F0E-43AA-9E43-D41386944D97} = {0AB3BF05-4346-4AA6-1389-037BE0695223}
	EndGlobalSection
EndGlobal
